<?xml version="1.0" encoding="utf-8"?>
<Project ToolsVersion="4.0" xmlns:atg="http://atg.xbox.com" xmlns="http://schemas.microsoft.com/developer/msbuild/2003">
  <ItemGroup>
    <Filter Include="Resource Files">
      <UniqueIdentifier>{8e114980-c1a3-4ada-ad7c-83caadf5daeb}</UniqueIdentifier>
      <Extensions>rc;ico;cur;bmp;dlg;rc2;rct;bin;rgs;gif;jpg;jpeg;jpe</Extensions>
    </Filter>
    <Filter Include="DXUT">
      <UniqueIdentifier>{a43c5c25-0e86-4a20-b64a-883785ff74fd}</UniqueIdentifier>
    </Filter>
    <Filter Include="Utils">
      <UniqueIdentifier>{3690bdac-74a9-4988-8056-b31c3ab49f90}</UniqueIdentifier>
    </Filter>
    <Filter Include="Textures">
      <UniqueIdentifier>{a06afe3e-ffef-4d5b-8c20-ec4b5bd2f822}</UniqueIdentifier>
    </Filter>
    <Filter Include="Meshes">
      <UniqueIdentifier>{b454b8f0-873f-483e-bda8-40c84618c5cb}</UniqueIdentifier>
    </Filter>
    <Filter Include="Shaders">
      <UniqueIdentifier>{92abcaf0-17eb-41b1-8bc7-416f6c0abaed}</UniqueIdentifier>
    </Filter>
    <Filter Include="DirectXMath">
      <UniqueIdentifier>{a724cea4-e292-4ca7-8221-e28a54f911bf}</UniqueIdentifier>
    </Filter>
  </ItemGroup>
  <ItemGroup>
    <None Include="DXUT\Optional\directx.ico">
      <Filter>Resource Files</Filter>
    </None>
    <ClInclude Include="DXUT\Core\DXUT.h">
      <Filter>DXUT</Filter>
    </ClInclude>
    <ClInclude Include="DXUT\Core\DXUTDevice11.h">
      <Filter>DXUT</Filter>
    </ClInclude>
    <ClInclude Include="DXUT\Core\DXUTDevice9.h">
      <Filter>DXUT</Filter>
    </ClInclude>
    <ClInclude Include="DXUT\Core\DXUTmisc.h">
      <Filter>DXUT</Filter>
    </ClInclude>
    <ClCompile Include="DXUT\Core\DXUT.cpp">
      <Filter>DXUT</Filter>
    </ClCompile>
    <ClCompile Include="DXUT\Core\DXUTDevice11.cpp">
      <Filter>DXUT</Filter>
    </ClCompile>
    <ClCompile Include="DXUT\Core\DXUTDevice9.cpp">
      <Filter>DXUT</Filter>
    </ClCompile>
    <ClCompile Include="DXUT\Core\DXUTmisc.cpp">
      <Filter>DXUT</Filter>
    </ClCompile>
    <ClInclude Include="DXUT\Optional\DXUTcamera.h">
      <Filter>DXUT</Filter>
    </ClInclude>
    <ClInclude Include="DXUT\Optional\DXUTgui.h">
      <Filter>DXUT</Filter>
    </ClInclude>
    <ClInclude Include="DXUT\Optional\DXUTres.h">
      <Filter>DXUT</Filter>
    </ClInclude>
    <ClInclude Include="DXUT\Optional\DXUTsettingsdlg.h">
      <Filter>DXUT</Filter>
    </ClInclude>
    <ClInclude Include="DXUT\Optional\SDKmesh.h">
      <Filter>DXUT</Filter>
    </ClInclude>
    <ClInclude Include="DXUT\Optional\SDKmisc.h">
      <Filter>DXUT</Filter>
    </ClInclude>
    <ClCompile Include="DXUT\Optional\DXUTcamera.cpp">
      <Filter>DXUT</Filter>
    </ClCompile>
    <ClCompile Include="DXUT\Optional\DXUTgui.cpp">
      <Filter>DXUT</Filter>
    </ClCompile>
    <ClCompile Include="DXUT\Optional\DXUTres.cpp">
      <Filter>DXUT</Filter>
    </ClCompile>
    <ClCompile Include="DXUT\Optional\DXUTsettingsdlg.cpp">
      <Filter>DXUT</Filter>
    </ClCompile>
    <ClCompile Include="DXUT\Optional\SDKmesh.cpp">
      <Filter>DXUT</Filter>
    </ClCompile>
    <ClCompile Include="DXUT\Optional\SDKmisc.cpp">
      <Filter>DXUT</Filter>
    </ClCompile>
    <None Include="DirectXMath\DirectXCollision.inl">
      <Filter>DirectXMath</Filter>
    </None>
    <None Include="DirectXMath\DirectXMathConvert.inl">
      <Filter>DirectXMath</Filter>
    </None>
    <None Include="DirectXMath\DirectXMathMatrix.inl">
      <Filter>DirectXMath</Filter>
    </None>
    <None Include="DirectXMath\DirectXMathMisc.inl">
      <Filter>DirectXMath</Filter>
    </None>
    <None Include="DirectXMath\DirectXMathVector.inl">
      <Filter>DirectXMath</Filter>
    </None>
    <None Include="DirectXMath\DirectXPackedVector.inl">
      <Filter>DirectXMath</Filter>
    </None>
  </ItemGroup>
  <ItemGroup>
    <CLInclude Include="resource.h">
      <Filter>Resource Files</Filter>
    </CLInclude>
    <ClInclude Include="DebugText.h" />
    <ClInclude Include="DevConsole.h" />
    <ClInclude Include="Gui.h" />
    <ClInclude Include="Renderer.h" />
    <ClInclude Include="Utils\ShaderTools.h">
      <Filter>Utils</Filter>
    </ClInclude>
    <ClInclude Include="Textures\Textures.h">
      <Filter>Textures</Filter>
    </ClInclude>
    <ClInclude Include="Shaders\DefaultShader.h">
      <Filter>Shaders</Filter>
    </ClInclude>
    <ClInclude Include="DrawableMesh.h" />
    <ClInclude Include="DrawableState.h" />
    <ClInclude Include="Drawable.h" />
    <ClInclude Include="DrawableShader.h" />
    <ClInclude Include="Meshes\CubeMeshLoader.h">
      <Filter>Meshes</Filter>
    </ClInclude>
    <ClInclude Include="Camera.h" />
    <ClInclude Include="DirectXMath\DirectXCollision.h">
      <Filter>DirectXMath</Filter>
    </ClInclude>
    <ClInclude Include="DirectXMath\DirectXMath.h">
      <Filter>DirectXMath</Filter>
    </ClInclude>
    <ClInclude Include="DirectXMath\DirectXPackedVector.h">
      <Filter>DirectXMath</Filter>
    </ClInclude>
    <ClInclude Include="MessageProcessor.h" />
    <ClInclude Include="DrawableManager.h" />
    <ClInclude Include="Shaders\GBufferShader.h">
      <Filter>Shaders</Filter>
    </ClInclude>
    <ClInclude Include="ShaderManager.h" />
    <ClInclude Include="Shaders\FXAAShader.h">
      <Filter>Shaders</Filter>
    </ClInclude>
    <ClInclude Include="Texture2D.h" />
  </ItemGroup>
  <ItemGroup>
    <ClCompile Include="DebugText.cpp" />
    <ClCompile Include="DevConsole.cpp" />
    <ClCompile Include="main.cpp" />
    <ClCompile Include="Renderer.cpp" />
    <ClCompile Include="Gui.cpp" />
    <ClCompile Include="Utils\ShaderTools.cpp">
      <Filter>Utils</Filter>
    </ClCompile>
    <ClCompile Include="Textures\Textures.cpp">
      <Filter>Textures</Filter>
    </ClCompile>
    <ClCompile Include="Shaders\DefaultShader.cpp">
      <Filter>Shaders</Filter>
    </ClCompile>
    <ClCompile Include="DrawableMesh.cpp" />
    <ClCompile Include="DrawableState.cpp" />
    <ClCompile Include="Meshes\CubeMeshLoader.cpp">
      <Filter>Meshes</Filter>
    </ClCompile>
    <ClCompile Include="Drawable.cpp" />
    <ClCompile Include="Camera.cpp" />
    <ClCompile Include="MessageProcessor.cpp" />
    <ClCompile Include="DrawableManager.cpp" />
    <ClCompile Include="Shaders\GBufferShader.cpp">
      <Filter>Shaders</Filter>
    </ClCompile>
  </ItemGroup>
  <ItemGroup>
    <ResourceCompile Include="eie-ic-renderer.rc">
      <Filter>Resource Files</Filter>
    </ResourceCompile>
  </ItemGroup>
</Project>